
Microsoft Visual Studio Solution File, Format Version 12.00
# Visual Studio Version 17
VisualStudioVersion = 17.6.33815.320
MinimumVisualStudioVersion = 10.0.40219.1
Project("{9A19103F-16F7-4668-BE54-9A1E7A4F7556}") = "WebApi", "src\WebApi\WebApi.csproj", "{93F2F429-90BE-4C27-9046-1855F8ED9CFF}"
EndProject
Project("{2150E333-8FDC-42A3-9474-1A3956D46DE8}") = "src", "src", "{AB399D0C-D38F-4414-B759-FFA8F9617307}"
EndProject
Project("{2150E333-8FDC-42A3-9474-1A3956D46DE8}") = "APIs", "APIs", "{BEED9E17-EF4F-408B-9549-218F6D124051}"
EndProject
Project("{2150E333-8FDC-42A3-9474-1A3956D46DE8}") = "ServiceModel", "ServiceModel", "{FFDDF9B9-9C9A-44F5-9CF5-7A9865FDC292}"
EndProject
Project("{2150E333-8FDC-42A3-9474-1A3956D46DE8}") = "Persistence", "Persistence", "{6DC6D3E9-E802-4754-B530-5A4F2A719B10}"
EndProject
Project("{2150E333-8FDC-42A3-9474-1A3956D46DE8}") = "Domain", "Domain", "{E7A3A27B-5C45-4B3D-9E8E-B008BD533BC4}"
EndProject
Project("{2150E333-8FDC-42A3-9474-1A3956D46DE8}") = "Commons", "Commons", "{CBD1C1F8-A9A1-45D6-A678-4FFBF692205A}"
EndProject
Project("{2150E333-8FDC-42A3-9474-1A3956D46DE8}") = "Application", "Application", "{DC50CD12-CDBD-451C-94BE-587F2509E791}"
EndProject
Project("{2150E333-8FDC-42A3-9474-1A3956D46DE8}") = "Test", "Test", "{CF3223E1-6ECD-48E6-AEBB-72F8542C89E6}"
EndProject
Project("{FAE04EC0-301F-11D3-BF4B-00C04F79EFBC}") = "ServiceModel", "src\ServiceModel\ServiceModel.csproj", "{71FAC794-0134-45A0-9F9E-F59EFED4ABE6}"
EndProject
Project("{FAE04EC0-301F-11D3-BF4B-00C04F79EFBC}") = "Domain", "src\Domain\Domain.csproj", "{7C48EF35-52F4-42CC-A81E-1ECE4D01AF4D}"
EndProject
Project("{FAE04EC0-301F-11D3-BF4B-00C04F79EFBC}") = "Commons", "src\Commons\Commons.csproj", "{3100FF95-8D9B-465F-AE91-5DC60A497C9A}"
EndProject
Project("{FAE04EC0-301F-11D3-BF4B-00C04F79EFBC}") = "Application", "src\Application\Application.csproj", "{C3433D03-F23B-4453-8F1E-A078E982A050}"
EndProject
Project("{FAE04EC0-301F-11D3-BF4B-00C04F79EFBC}") = "Persistence", "src\Persistence\Persistence.csproj", "{F1A218AD-451E-40C2-8D66-9AA3932838C2}"
EndProject
Project("{2150E333-8FDC-42A3-9474-1A3956D46DE8}") = "APIs", "APIs", "{FDF6F844-178C-4E64-841B-56C36C34794C}"
EndProject
Project("{FAE04EC0-301F-11D3-BF4B-00C04F79EFBC}") = "IndustrialAutomation.Test", "test\IndustrialAutomation.Test\IndustrialAutomation.Test.csproj", "{A599B4F1-6028-4428-95E8-5AD237809718}"
EndProject
Global
	GlobalSection(SolutionConfigurationPlatforms) = preSolution
		Debug|Any CPU = Debug|Any CPU
		Release|Any CPU = Release|Any CPU
	EndGlobalSection
	GlobalSection(ProjectConfigurationPlatforms) = postSolution
		{93F2F429-90BE-4C27-9046-1855F8ED9CFF}.Debug|Any CPU.ActiveCfg = Debug|Any CPU
		{93F2F429-90BE-4C27-9046-1855F8ED9CFF}.Debug|Any CPU.Build.0 = Debug|Any CPU
		{93F2F429-90BE-4C27-9046-1855F8ED9CFF}.Release|Any CPU.ActiveCfg = Release|Any CPU
		{93F2F429-90BE-4C27-9046-1855F8ED9CFF}.Release|Any CPU.Build.0 = Release|Any CPU
		{71FAC794-0134-45A0-9F9E-F59EFED4ABE6}.Debug|Any CPU.ActiveCfg = Debug|Any CPU
		{71FAC794-0134-45A0-9F9E-F59EFED4ABE6}.Debug|Any CPU.Build.0 = Debug|Any CPU
		{71FAC794-0134-45A0-9F9E-F59EFED4ABE6}.Release|Any CPU.ActiveCfg = Release|Any CPU
		{71FAC794-0134-45A0-9F9E-F59EFED4ABE6}.Release|Any CPU.Build.0 = Release|Any CPU
		{7C48EF35-52F4-42CC-A81E-1ECE4D01AF4D}.Debug|Any CPU.ActiveCfg = Debug|Any CPU
		{7C48EF35-52F4-42CC-A81E-1ECE4D01AF4D}.Debug|Any CPU.Build.0 = Debug|Any CPU
		{7C48EF35-52F4-42CC-A81E-1ECE4D01AF4D}.Release|Any CPU.ActiveCfg = Release|Any CPU
		{7C48EF35-52F4-42CC-A81E-1ECE4D01AF4D}.Release|Any CPU.Build.0 = Release|Any CPU
		{3100FF95-8D9B-465F-AE91-5DC60A497C9A}.Debug|Any CPU.ActiveCfg = Debug|Any CPU
		{3100FF95-8D9B-465F-AE91-5DC60A497C9A}.Debug|Any CPU.Build.0 = Debug|Any CPU
		{3100FF95-8D9B-465F-AE91-5DC60A497C9A}.Release|Any CPU.ActiveCfg = Release|Any CPU
		{3100FF95-8D9B-465F-AE91-5DC60A497C9A}.Release|Any CPU.Build.0 = Release|Any CPU
		{C3433D03-F23B-4453-8F1E-A078E982A050}.Debug|Any CPU.ActiveCfg = Debug|Any CPU
		{C3433D03-F23B-4453-8F1E-A078E982A050}.Debug|Any CPU.Build.0 = Debug|Any CPU
		{C3433D03-F23B-4453-8F1E-A078E982A050}.Release|Any CPU.ActiveCfg = Release|Any CPU
		{C3433D03-F23B-4453-8F1E-A078E982A050}.Release|Any CPU.Build.0 = Release|Any CPU
		{F1A218AD-451E-40C2-8D66-9AA3932838C2}.Debug|Any CPU.ActiveCfg = Debug|Any CPU
		{F1A218AD-451E-40C2-8D66-9AA3932838C2}.Debug|Any CPU.Build.0 = Debug|Any CPU
		{F1A218AD-451E-40C2-8D66-9AA3932838C2}.Release|Any CPU.ActiveCfg = Release|Any CPU
		{F1A218AD-451E-40C2-8D66-9AA3932838C2}.Release|Any CPU.Build.0 = Release|Any CPU
		{A599B4F1-6028-4428-95E8-5AD237809718}.Debug|Any CPU.ActiveCfg = Debug|Any CPU
		{A599B4F1-6028-4428-95E8-5AD237809718}.Debug|Any CPU.Build.0 = Debug|Any CPU
		{A599B4F1-6028-4428-95E8-5AD237809718}.Release|Any CPU.ActiveCfg = Release|Any CPU
		{A599B4F1-6028-4428-95E8-5AD237809718}.Release|Any CPU.Build.0 = Release|Any CPU
	EndGlobalSection
	GlobalSection(SolutionProperties) = preSolution
		HideSolutionNode = FALSE
	EndGlobalSection
	GlobalSection(NestedProjects) = preSolution
		{93F2F429-90BE-4C27-9046-1855F8ED9CFF} = {BEED9E17-EF4F-408B-9549-218F6D124051}
		{BEED9E17-EF4F-408B-9549-218F6D124051} = {AB399D0C-D38F-4414-B759-FFA8F9617307}
		{FFDDF9B9-9C9A-44F5-9CF5-7A9865FDC292} = {AB399D0C-D38F-4414-B759-FFA8F9617307}
		{6DC6D3E9-E802-4754-B530-5A4F2A719B10} = {AB399D0C-D38F-4414-B759-FFA8F9617307}
		{E7A3A27B-5C45-4B3D-9E8E-B008BD533BC4} = {AB399D0C-D38F-4414-B759-FFA8F9617307}
		{CBD1C1F8-A9A1-45D6-A678-4FFBF692205A} = {AB399D0C-D38F-4414-B759-FFA8F9617307}
		{DC50CD12-CDBD-451C-94BE-587F2509E791} = {AB399D0C-D38F-4414-B759-FFA8F9617307}
		{71FAC794-0134-45A0-9F9E-F59EFED4ABE6} = {FFDDF9B9-9C9A-44F5-9CF5-7A9865FDC292}
		{7C48EF35-52F4-42CC-A81E-1ECE4D01AF4D} = {E7A3A27B-5C45-4B3D-9E8E-B008BD533BC4}
		{3100FF95-8D9B-465F-AE91-5DC60A497C9A} = {CBD1C1F8-A9A1-45D6-A678-4FFBF692205A}
		{C3433D03-F23B-4453-8F1E-A078E982A050} = {DC50CD12-CDBD-451C-94BE-587F2509E791}
		{F1A218AD-451E-40C2-8D66-9AA3932838C2} = {6DC6D3E9-E802-4754-B530-5A4F2A719B10}
		{FDF6F844-178C-4E64-841B-56C36C34794C} = {CF3223E1-6ECD-48E6-AEBB-72F8542C89E6}
		{A599B4F1-6028-4428-95E8-5AD237809718} = {FDF6F844-178C-4E64-841B-56C36C34794C}
	EndGlobalSection
	GlobalSection(ExtensibilityGlobals) = postSolution
		SolutionGuid = {1DB8818C-F3B3-4951-A729-7127031A4F23}
	EndGlobalSection
EndGlobal
